// !$*UTF8*$!
{
	archiveVersion = 1;
	classes = {
	};
	objectVersion = 56;
	objects = {

/* Begin PBXBuildFile section */
		3B22086E2BF2ABED00CF6865 /* AppDelegate.swift in Sources */ = {isa = PBXBuildFile; fileRef = 3B22086D2BF2ABED00CF6865 /* AppDelegate.swift */; };
		3B2208702BF2ABED00CF6865 /* SceneDelegate.swift in Sources */ = {isa = PBXBuildFile; fileRef = 3B22086F2BF2ABED00CF6865 /* SceneDelegate.swift */; };
		3B2208722BF2ABED00CF6865 /* NotasViewController.swift in Sources */ = {isa = PBXBuildFile; fileRef = 3B2208712BF2ABED00CF6865 /* NotasViewController.swift */; };
		3B2208772BF2ABEF00CF6865 /* Assets.xcassets in Resources */ = {isa = PBXBuildFile; fileRef = 3B2208762BF2ABEF00CF6865 /* Assets.xcassets */; };
		3B22087A2BF2ABEF00CF6865 /* Base in Resources */ = {isa = PBXBuildFile; fileRef = 3B2208792BF2ABEF00CF6865 /* Base */; };
		3B2208822BF2ACEB00CF6865 /* TabBarController.swift in Sources */ = {isa = PBXBuildFile; fileRef = 3B2208812BF2ACEB00CF6865 /* TabBarController.swift */; };
		3B2208842BF2AE5300CF6865 /* GravacoesViewController.swift in Sources */ = {isa = PBXBuildFile; fileRef = 3B2208832BF2AE5300CF6865 /* GravacoesViewController.swift */; };
		3B2208862BF2AE6E00CF6865 /* ExpectativasViewController.swift in Sources */ = {isa = PBXBuildFile; fileRef = 3B2208852BF2AE6E00CF6865 /* ExpectativasViewController.swift */; };
		3B2208902BF3C0FE00CF6865 /* TsukimiRounded-Light.ttf in Resources */ = {isa = PBXBuildFile; fileRef = 3B22088B2BF3C0FE00CF6865 /* TsukimiRounded-Light.ttf */; };
		3B2208912BF3C0FE00CF6865 /* TsukimiRounded-Medium.ttf in Resources */ = {isa = PBXBuildFile; fileRef = 3B22088C2BF3C0FE00CF6865 /* TsukimiRounded-Medium.ttf */; };
		3B2208922BF3C0FE00CF6865 /* TsukimiRounded-Regular.ttf in Resources */ = {isa = PBXBuildFile; fileRef = 3B22088D2BF3C0FE00CF6865 /* TsukimiRounded-Regular.ttf */; };
		3B2208932BF3C0FE00CF6865 /* TsukimiRounded-SemiBold.ttf in Resources */ = {isa = PBXBuildFile; fileRef = 3B22088E2BF3C0FE00CF6865 /* TsukimiRounded-SemiBold.ttf */; };
		3B2208942BF3C0FE00CF6865 /* TsukimiRounded-Bold.ttf in Resources */ = {isa = PBXBuildFile; fileRef = 3B22088F2BF3C0FE00CF6865 /* TsukimiRounded-Bold.ttf */; };
		3B2208962BF3C10D00CF6865 /* TwinkleStar-Regular.ttf in Resources */ = {isa = PBXBuildFile; fileRef = 3B2208952BF3C10D00CF6865 /* TwinkleStar-Regular.ttf */; };
		3B2208982BF3D98900CF6865 /* EnumFonts.swift in Sources */ = {isa = PBXBuildFile; fileRef = 3B2208972BF3D98900CF6865 /* EnumFonts.swift */; };
		3B978A172BF3E360002E42B6 /* CriarNotaViewController.swift in Sources */ = {isa = PBXBuildFile; fileRef = 3B978A162BF3E360002E42B6 /* CriarNotaViewController.swift */; };
/* End PBXBuildFile section */

/* Begin PBXFileReference section */
		3B22086A2BF2ABED00CF6865 /* SafeTalk.app */ = {isa = PBXFileReference; explicitFileType = wrapper.application; includeInIndex = 0; path = SafeTalk.app; sourceTree = BUILT_PRODUCTS_DIR; };
		3B22086D2BF2ABED00CF6865 /* AppDelegate.swift */ = {isa = PBXFileReference; lastKnownFileType = sourcecode.swift; path = AppDelegate.swift; sourceTree = "<group>"; };
		3B22086F2BF2ABED00CF6865 /* SceneDelegate.swift */ = {isa = PBXFileReference; lastKnownFileType = sourcecode.swift; path = SceneDelegate.swift; sourceTree = "<group>"; };
		3B2208712BF2ABED00CF6865 /* NotasViewController.swift */ = {isa = PBXFileReference; lastKnownFileType = sourcecode.swift; path = NotasViewController.swift; sourceTree = "<group>"; };
		3B2208762BF2ABEF00CF6865 /* Assets.xcassets */ = {isa = PBXFileReference; lastKnownFileType = folder.assetcatalog; path = Assets.xcassets; sourceTree = "<group>"; };
		3B2208792BF2ABEF00CF6865 /* Base */ = {isa = PBXFileReference; lastKnownFileType = file.storyboard; name = Base; path = Base.lproj/LaunchScreen.storyboard; sourceTree = "<group>"; };
		3B22087B2BF2ABEF00CF6865 /* Info.plist */ = {isa = PBXFileReference; lastKnownFileType = text.plist.xml; path = Info.plist; sourceTree = "<group>"; };
		3B2208812BF2ACEB00CF6865 /* TabBarController.swift */ = {isa = PBXFileReference; lastKnownFileType = sourcecode.swift; path = TabBarController.swift; sourceTree = "<group>"; };
		3B2208832BF2AE5300CF6865 /* GravacoesViewController.swift */ = {isa = PBXFileReference; lastKnownFileType = sourcecode.swift; path = GravacoesViewController.swift; sourceTree = "<group>"; };
		3B2208852BF2AE6E00CF6865 /* ExpectativasViewController.swift */ = {isa = PBXFileReference; lastKnownFileType = sourcecode.swift; path = ExpectativasViewController.swift; sourceTree = "<group>"; };
		3B22088B2BF3C0FE00CF6865 /* TsukimiRounded-Light.ttf */ = {isa = PBXFileReference; lastKnownFileType = file; path = "TsukimiRounded-Light.ttf"; sourceTree = "<group>"; };
		3B22088C2BF3C0FE00CF6865 /* TsukimiRounded-Medium.ttf */ = {isa = PBXFileReference; lastKnownFileType = file; path = "TsukimiRounded-Medium.ttf"; sourceTree = "<group>"; };
		3B22088D2BF3C0FE00CF6865 /* TsukimiRounded-Regular.ttf */ = {isa = PBXFileReference; lastKnownFileType = file; path = "TsukimiRounded-Regular.ttf"; sourceTree = "<group>"; };
		3B22088E2BF3C0FE00CF6865 /* TsukimiRounded-SemiBold.ttf */ = {isa = PBXFileReference; lastKnownFileType = file; path = "TsukimiRounded-SemiBold.ttf"; sourceTree = "<group>"; };
		3B22088F2BF3C0FE00CF6865 /* TsukimiRounded-Bold.ttf */ = {isa = PBXFileReference; lastKnownFileType = file; path = "TsukimiRounded-Bold.ttf"; sourceTree = "<group>"; };
		3B2208952BF3C10D00CF6865 /* TwinkleStar-Regular.ttf */ = {isa = PBXFileReference; lastKnownFileType = file; path = "TwinkleStar-Regular.ttf"; sourceTree = "<group>"; };
		3B2208972BF3D98900CF6865 /* EnumFonts.swift */ = {isa = PBXFileReference; lastKnownFileType = sourcecode.swift; path = EnumFonts.swift; sourceTree = "<group>"; };
		3B978A162BF3E360002E42B6 /* CriarNotaViewController.swift */ = {isa = PBXFileReference; lastKnownFileType = sourcecode.swift; path = CriarNotaViewController.swift; sourceTree = "<group>"; };
/* End PBXFileReference section */

/* Begin PBXFrameworksBuildPhase section */
		3B2208672BF2ABED00CF6865 /* Frameworks */ = {
			isa = PBXFrameworksBuildPhase;
			buildActionMask = 2147483647;
			files = (
			);
			runOnlyForDeploymentPostprocessing = 0;
		};
/* End PBXFrameworksBuildPhase section */

/* Begin PBXGroup section */
		3B2208612BF2ABED00CF6865 = {
			isa = PBXGroup;
			children = (
				3B22086C2BF2ABED00CF6865 /* SafeTalk */,
				3B22086B2BF2ABED00CF6865 /* Products */,
			);
			sourceTree = "<group>";
		};
		3B22086B2BF2ABED00CF6865 /* Products */ = {
			isa = PBXGroup;
			children = (
				3B22086A2BF2ABED00CF6865 /* SafeTalk.app */,
			);
			name = Products;
			sourceTree = "<group>";
		};
		3B22086C2BF2ABED00CF6865 /* SafeTalk */ = {
			isa = PBXGroup;
			children = (
				3B2208882BF3C08E00CF6865 /* Fonts */,
				3B2208872BF3C04100CF6865 /* ViewControllers */,
				3B22086D2BF2ABED00CF6865 /* AppDelegate.swift */,
				3B22086F2BF2ABED00CF6865 /* SceneDelegate.swift */,
				3B2208762BF2ABEF00CF6865 /* Assets.xcassets */,
				3B2208782BF2ABEF00CF6865 /* LaunchScreen.storyboard */,
				3B22087B2BF2ABEF00CF6865 /* Info.plist */,
			);
			path = SafeTalk;
			sourceTree = "<group>";
		};
		3B2208872BF3C04100CF6865 /* ViewControllers */ = {
			isa = PBXGroup;
			children = (
				3B978A132BF3E232002E42B6 /* Notas */,
				3B978A142BF3E23E002E42B6 /* Expectativas */,
				3B978A152BF3E245002E42B6 /* Gravacoes */,
				3B2208812BF2ACEB00CF6865 /* TabBarController.swift */,
			);
			path = ViewControllers;
			sourceTree = "<group>";
		};
		3B2208882BF3C08E00CF6865 /* Fonts */ = {
			isa = PBXGroup;
			children = (
				3B22088A2BF3C0E600CF6865 /* TsukimiRounded */,
				3B2208892BF3C0D500CF6865 /* TwinkleStar */,
				3B2208972BF3D98900CF6865 /* EnumFonts.swift */,
			);
			path = Fonts;
			sourceTree = "<group>";
		};
		3B2208892BF3C0D500CF6865 /* TwinkleStar */ = {
			isa = PBXGroup;
			children = (
				3B2208952BF3C10D00CF6865 /* TwinkleStar-Regular.ttf */,
			);
			path = TwinkleStar;
			sourceTree = "<group>";
		};
		3B22088A2BF3C0E600CF6865 /* TsukimiRounded */ = {
			isa = PBXGroup;
			children = (
				3B22088F2BF3C0FE00CF6865 /* TsukimiRounded-Bold.ttf */,
				3B22088B2BF3C0FE00CF6865 /* TsukimiRounded-Light.ttf */,
				3B22088C2BF3C0FE00CF6865 /* TsukimiRounded-Medium.ttf */,
				3B22088D2BF3C0FE00CF6865 /* TsukimiRounded-Regular.ttf */,
				3B22088E2BF3C0FE00CF6865 /* TsukimiRounded-SemiBold.ttf */,
			);
			path = TsukimiRounded;
			sourceTree = "<group>";
		};
		3B978A132BF3E232002E42B6 /* Notas */ = {
			isa = PBXGroup;
			children = (
				3B2208712BF2ABED00CF6865 /* NotasViewController.swift */,
				3B978A162BF3E360002E42B6 /* CriarNotaViewController.swift */,
			);
			path = Notas;
			sourceTree = "<group>";
		};
		3B978A142BF3E23E002E42B6 /* Expectativas */ = {
			isa = PBXGroup;
			children = (
				3B2208852BF2AE6E00CF6865 /* ExpectativasViewController.swift */,
			);
			path = Expectativas;
			sourceTree = "<group>";
		};
		3B978A152BF3E245002E42B6 /* Gravacoes */ = {
			isa = PBXGroup;
			children = (
				3B2208832BF2AE5300CF6865 /* GravacoesViewController.swift */,
			);
			path = Gravacoes;
			sourceTree = "<group>";
		};
/* End PBXGroup section */

/* Begin PBXNativeTarget section */
		3B2208692BF2ABED00CF6865 /* SafeTalk */ = {
			isa = PBXNativeTarget;
			buildConfigurationList = 3B22087E2BF2ABEF00CF6865 /* Build configuration list for PBXNativeTarget "SafeTalk" */;
			buildPhases = (
				3B2208662BF2ABED00CF6865 /* Sources */,
				3B2208672BF2ABED00CF6865 /* Frameworks */,
				3B2208682BF2ABED00CF6865 /* Resources */,
			);
			buildRules = (
			);
			dependencies = (
			);
			name = SafeTalk;
			productName = SafeTalk;
			productReference = 3B22086A2BF2ABED00CF6865 /* SafeTalk.app */;
			productType = "com.apple.product-type.application";
		};
/* End PBXNativeTarget section */

/* Begin PBXProject section */
		3B2208622BF2ABED00CF6865 /* Project object */ = {
			isa = PBXProject;
			attributes = {
				BuildIndependentTargetsInParallel = 1;
				LastSwiftUpdateCheck = 1530;
				LastUpgradeCheck = 1530;
				TargetAttributes = {
					3B2208692BF2ABED00CF6865 = {
						CreatedOnToolsVersion = 15.3;
					};
				};
			};
			buildConfigurationList = 3B2208652BF2ABED00CF6865 /* Build configuration list for PBXProject "SafeTalk" */;
			compatibilityVersion = "Xcode 14.0";
			developmentRegion = en;
			hasScannedForEncodings = 0;
			knownRegions = (
				en,
				Base,
			);
			mainGroup = 3B2208612BF2ABED00CF6865;
			productRefGroup = 3B22086B2BF2ABED00CF6865 /* Products */;
			projectDirPath = "";
			projectRoot = "";
			targets = (
				3B2208692BF2ABED00CF6865 /* SafeTalk */,
			);
		};
/* End PBXProject section */

/* Begin PBXResourcesBuildPhase section */
		3B2208682BF2ABED00CF6865 /* Resources */ = {
			isa = PBXResourcesBuildPhase;
			buildActionMask = 2147483647;
			files = (
				3B2208772BF2ABEF00CF6865 /* Assets.xcassets in Resources */,
				3B22087A2BF2ABEF00CF6865 /* Base in Resources */,
				3B2208962BF3C10D00CF6865 /* TwinkleStar-Regular.ttf in Resources */,
				3B2208932BF3C0FE00CF6865 /* TsukimiRounded-SemiBold.ttf in Resources */,
				3B2208922BF3C0FE00CF6865 /* TsukimiRounded-Regular.ttf in Resources */,
				3B2208912BF3C0FE00CF6865 /* TsukimiRounded-Medium.ttf in Resources */,
				3B2208902BF3C0FE00CF6865 /* TsukimiRounded-Light.ttf in Resources */,
				3B2208942BF3C0FE00CF6865 /* TsukimiRounded-Bold.ttf in Resources */,
			);
			runOnlyForDeploymentPostprocessing = 0;
		};
/* End PBXResourcesBuildPhase section */

/* Begin PBXSourcesBuildPhase section */
		3B2208662BF2ABED00CF6865 /* Sources */ = {
			isa = PBXSourcesBuildPhase;
			buildActionMask = 2147483647;
			files = (
				3B2208722BF2ABED00CF6865 /* NotasViewController.swift in Sources */,
				3B2208822BF2ACEB00CF6865 /* TabBarController.swift in Sources */,
				3B978A172BF3E360002E42B6 /* CriarNotaViewController.swift in Sources */,
				3B2208862BF2AE6E00CF6865 /* ExpectativasViewController.swift in Sources */,
				3B2208982BF3D98900CF6865 /* EnumFonts.swift in Sources */,
				3B22086E2BF2ABED00CF6865 /* AppDelegate.swift in Sources */,
				3B2208702BF2ABED00CF6865 /* SceneDelegate.swift in Sources */,
				3B2208842BF2AE5300CF6865 /* GravacoesViewController.swift in Sources */,
			);
			runOnlyForDeploymentPostprocessing = 0;
		};
/* End PBXSourcesBuildPhase section */

/* Begin PBXVariantGroup section */
		3B2208782BF2ABEF00CF6865 /* LaunchScreen.storyboard */ = {
			isa = PBXVariantGroup;
			children = (
				3B2208792BF2ABEF00CF6865 /* Base */,
			);
			name = LaunchScreen.storyboard;
			sourceTree = "<group>";
		};
/* End PBXVariantGroup section */

/* Begin XCBuildConfiguration section */
		3B22087C2BF2ABEF00CF6865 /* Debug */ = {
			isa = XCBuildConfiguration;
			buildSettings = {
				ALWAYS_SEARCH_USER_PATHS = NO;
				ASSETCATALOG_COMPILER_GENERATE_SWIFT_ASSET_SYMBOL_EXTENSIONS = YES;
				CLANG_ANALYZER_NONNULL = YES;
				CLANG_ANALYZER_NUMBER_OBJECT_CONVERSION = YES_AGGRESSIVE;
				CLANG_CXX_LANGUAGE_STANDARD = "gnu++20";
				CLANG_ENABLE_MODULES = YES;
				CLANG_ENABLE_OBJC_ARC = YES;
				CLANG_ENABLE_OBJC_WEAK = YES;
				CLANG_WARN_BLOCK_CAPTURE_AUTORELEASING = YES;
				CLANG_WARN_BOOL_CONVERSION = YES;
				CLANG_WARN_COMMA = YES;
				CLANG_WARN_CONSTANT_CONVERSION = YES;
				CLANG_WARN_DEPRECATED_OBJC_IMPLEMENTATIONS = YES;
				CLANG_WARN_DIRECT_OBJC_ISA_USAGE = YES_ERROR;
				CLANG_WARN_DOCUMENTATION_COMMENTS = YES;
				CLANG_WARN_EMPTY_BODY = YES;
				CLANG_WARN_ENUM_CONVERSION = YES;
				CLANG_WARN_INFINITE_RECURSION = YES;
				CLANG_WARN_INT_CONVERSION = YES;
				CLANG_WARN_NON_LITERAL_NULL_CONVERSION = YES;
				CLANG_WARN_OBJC_IMPLICIT_RETAIN_SELF = YES;
				CLANG_WARN_OBJC_LITERAL_CONVERSION = YES;
				CLANG_WARN_OBJC_ROOT_CLASS = YES_ERROR;
				CLANG_WARN_QUOTED_INCLUDE_IN_FRAMEWORK_HEADER = YES;
				CLANG_WARN_RANGE_LOOP_ANALYSIS = YES;
				CLANG_WARN_STRICT_PROTOTYPES = YES;
				CLANG_WARN_SUSPICIOUS_MOVE = YES;
				CLANG_WARN_UNGUARDED_AVAILABILITY = YES_AGGRESSIVE;
				CLANG_WARN_UNREACHABLE_CODE = YES;
				CLANG_WARN__DUPLICATE_METHOD_MATCH = YES;
				COPY_PHASE_STRIP = NO;
				DEBUG_INFORMATION_FORMAT = dwarf;
				ENABLE_STRICT_OBJC_MSGSEND = YES;
				ENABLE_TESTABILITY = YES;
				ENABLE_USER_SCRIPT_SANDBOXING = YES;
				GCC_C_LANGUAGE_STANDARD = gnu17;
				GCC_DYNAMIC_NO_PIC = NO;
				GCC_NO_COMMON_BLOCKS = YES;
				GCC_OPTIMIZATION_LEVEL = 0;
				GCC_PREPROCESSOR_DEFINITIONS = (
					"DEBUG=1",
					"$(inherited)",
				);
				GCC_WARN_64_TO_32_BIT_CONVERSION = YES;
				GCC_WARN_ABOUT_RETURN_TYPE = YES_ERROR;
				GCC_WARN_UNDECLARED_SELECTOR = YES;
				GCC_WARN_UNINITIALIZED_AUTOS = YES_AGGRESSIVE;
				GCC_WARN_UNUSED_FUNCTION = YES;
				GCC_WARN_UNUSED_VARIABLE = YES;
				IPHONEOS_DEPLOYMENT_TARGET = 17.4;
				LOCALIZATION_PREFERS_STRING_CATALOGS = YES;
				MTL_ENABLE_DEBUG_INFO = INCLUDE_SOURCE;
				MTL_FAST_MATH = YES;
				ONLY_ACTIVE_ARCH = YES;
				SDKROOT = iphoneos;
				SWIFT_ACTIVE_COMPILATION_CONDITIONS = "DEBUG $(inherited)";
				SWIFT_OPTIMIZATION_LEVEL = "-Onone";
			};
			name = Debug;
		};
		3B22087D2BF2ABEF00CF6865 /* Release */ = {
			isa = XCBuildConfiguration;
			buildSettings = {
				ALWAYS_SEARCH_USER_PATHS = NO;
				ASSETCATALOG_COMPILER_GENERATE_SWIFT_ASSET_SYMBOL_EXTENSIONS = YES;
				CLANG_ANALYZER_NONNULL = YES;
				CLANG_ANALYZER_NUMBER_OBJECT_CONVERSION = YES_AGGRESSIVE;
				CLANG_CXX_LANGUAGE_STANDARD = "gnu++20";
				CLANG_ENABLE_MODULES = YES;
				CLANG_ENABLE_OBJC_ARC = YES;
				CLANG_ENABLE_OBJC_WEAK = YES;
				CLANG_WARN_BLOCK_CAPTURE_AUTORELEASING = YES;
				CLANG_WARN_BOOL_CONVERSION = YES;
				CLANG_WARN_COMMA = YES;
				CLANG_WARN_CONSTANT_CONVERSION = YES;
				CLANG_WARN_DEPRECATED_OBJC_IMPLEMENTATIONS = YES;
				CLANG_WARN_DIRECT_OBJC_ISA_USAGE = YES_ERROR;
				CLANG_WARN_DOCUMENTATION_COMMENTS = YES;
				CLANG_WARN_EMPTY_BODY = YES;
				CLANG_WARN_ENUM_CONVERSION = YES;
				CLANG_WARN_INFINITE_RECURSION = YES;
				CLANG_WARN_INT_CONVERSION = YES;
				CLANG_WARN_NON_LITERAL_NULL_CONVERSION = YES;
				CLANG_WARN_OBJC_IMPLICIT_RETAIN_SELF = YES;
				CLANG_WARN_OBJC_LITERAL_CONVERSION = YES;
				CLANG_WARN_OBJC_ROOT_CLASS = YES_ERROR;
				CLANG_WARN_QUOTED_INCLUDE_IN_FRAMEWORK_HEADER = YES;
				CLANG_WARN_RANGE_LOOP_ANALYSIS = YES;
				CLANG_WARN_STRICT_PROTOTYPES = YES;
				CLANG_WARN_SUSPICIOUS_MOVE = YES;
				CLANG_WARN_UNGUARDED_AVAILABILITY = YES_AGGRESSIVE;
				CLANG_WARN_UNREACHABLE_CODE = YES;
				CLANG_WARN__DUPLICATE_METHOD_MATCH = YES;
				COPY_PHASE_STRIP = NO;
				DEBUG_INFORMATION_FORMAT = "dwarf-with-dsym";
				ENABLE_NS_ASSERTIONS = NO;
				ENABLE_STRICT_OBJC_MSGSEND = YES;
				ENABLE_USER_SCRIPT_SANDBOXING = YES;
				GCC_C_LANGUAGE_STANDARD = gnu17;
				GCC_NO_COMMON_BLOCKS = YES;
				GCC_WARN_64_TO_32_BIT_CONVERSION = YES;
				GCC_WARN_ABOUT_RETURN_TYPE = YES_ERROR;
				GCC_WARN_UNDECLARED_SELECTOR = YES;
				GCC_WARN_UNINITIALIZED_AUTOS = YES_AGGRESSIVE;
				GCC_WARN_UNUSED_FUNCTION = YES;
				GCC_WARN_UNUSED_VARIABLE = YES;
				IPHONEOS_DEPLOYMENT_TARGET = 17.4;
				LOCALIZATION_PREFERS_STRING_CATALOGS = YES;
				MTL_ENABLE_DEBUG_INFO = NO;
				MTL_FAST_MATH = YES;
				SDKROOT = iphoneos;
				SWIFT_COMPILATION_MODE = wholemodule;
				VALIDATE_PRODUCT = YES;
			};
			name = Release;
		};
		3B22087F2BF2ABEF00CF6865 /* Debug */ = {
			isa = XCBuildConfiguration;
			buildSettings = {
				ASSETCATALOG_COMPILER_APPICON_NAME = AppIcon;
				ASSETCATALOG_COMPILER_GLOBAL_ACCENT_COLOR_NAME = AccentColor;
				CODE_SIGN_STYLE = Automatic;
				CURRENT_PROJECT_VERSION = 1;
				DEVELOPMENT_TEAM = 6S6995TY46;
				GENERATE_INFOPLIST_FILE = YES;
				INFOPLIST_FILE = SafeTalk/Info.plist;
				INFOPLIST_KEY_UIApplicationSupportsIndirectInputEvents = YES;
				INFOPLIST_KEY_UILaunchStoryboardName = LaunchScreen;
				INFOPLIST_KEY_UISupportedInterfaceOrientations_iPad = "UIInterfaceOrientationPortrait UIInterfaceOrientationPortraitUpsideDown UIInterfaceOrientationLandscapeLeft UIInterfaceOrientationLandscapeRight";
				INFOPLIST_KEY_UISupportedInterfaceOrientations_iPhone = "UIInterfaceOrientationPortrait UIInterfaceOrientationLandscapeLeft UIInterfaceOrientationLandscapeRight";
				IPHONEOS_DEPLOYMENT_TARGET = 15.0;
				LD_RUNPATH_SEARCH_PATHS = (
					"$(inherited)",
					"@executable_path/Frameworks",
				);
				MARKETING_VERSION = 1.0;
				PRODUCT_BUNDLE_IDENTIFIER = com.gabrielvicentinnegro.SafeTalk;
				PRODUCT_NAME = "$(TARGET_NAME)";
				SWIFT_EMIT_LOC_STRINGS = YES;
				SWIFT_VERSION = 5.0;
				TARGETED_DEVICE_FAMILY = "1,2";
			};
			name = Debug;
		};
		3B2208802BF2ABEF00CF6865 /* Release */ = {
			isa = XCBuildConfiguration;
			buildSettings = {
				ASSETCATALOG_COMPILER_APPICON_NAME = AppIcon;
				ASSETCATALOG_COMPILER_GLOBAL_ACCENT_COLOR_NAME = AccentColor;
				CODE_SIGN_STYLE = Automatic;
				CURRENT_PROJECT_VERSION = 1;
				DEVELOPMENT_TEAM = 6S6995TY46;
				GENERATE_INFOPLIST_FILE = YES;
				INFOPLIST_FILE = SafeTalk/Info.plist;
				INFOPLIST_KEY_UIApplicationSupportsIndirectInputEvents = YES;
				INFOPLIST_KEY_UILaunchStoryboardName = LaunchScreen;
				INFOPLIST_KEY_UISupportedInterfaceOrientations_iPad = "UIInterfaceOrientationPortrait UIInterfaceOrientationPortraitUpsideDown UIInterfaceOrientationLandscapeLeft UIInterfaceOrientationLandscapeRight";
				INFOPLIST_KEY_UISupportedInterfaceOrientations_iPhone = "UIInterfaceOrientationPortrait UIInterfaceOrientationLandscapeLeft UIInterfaceOrientationLandscapeRight";
				IPHONEOS_DEPLOYMENT_TARGET = 15.0;
				LD_RUNPATH_SEARCH_PATHS = (
					"$(inherited)",
					"@executable_path/Frameworks",
				);
				MARKETING_VERSION = 1.0;
				PRODUCT_BUNDLE_IDENTIFIER = com.gabrielvicentinnegro.SafeTalk;
				PRODUCT_NAME = "$(TARGET_NAME)";
				SWIFT_EMIT_LOC_STRINGS = YES;
				SWIFT_VERSION = 5.0;
				TARGETED_DEVICE_FAMILY = "1,2";
			};
			name = Release;
		};
/* End XCBuildConfiguration section */

/* Begin XCConfigurationList section */
		3B2208652BF2ABED00CF6865 /* Build configuration list for PBXProject "SafeTalk" */ = {
			isa = XCConfigurationList;
			buildConfigurations = (
				3B22087C2BF2ABEF00CF6865 /* Debug */,
				3B22087D2BF2ABEF00CF6865 /* Release */,
			);
			defaultConfigurationIsVisible = 0;
			defaultConfigurationName = Release;
		};
		3B22087E2BF2ABEF00CF6865 /* Build configuration list for PBXNativeTarget "SafeTalk" */ = {
			isa = XCConfigurationList;
			buildConfigurations = (
				3B22087F2BF2ABEF00CF6865 /* Debug */,
				3B2208802BF2ABEF00CF6865 /* Release */,
			);
			defaultConfigurationIsVisible = 0;
			defaultConfigurationName = Release;
		};
/* End XCConfigurationList section */
	};
	rootObject = 3B2208622BF2ABED00CF6865 /* Project object */;
}
